
Microsoft Visual Studio Solution File, Format Version 12.00
# Visual Studio Version 16
VisualStudioVersion = 16.0.33214.272
MinimumVisualStudioVersion = 10.0.40219.1
Project("{FAE04EC0-301F-11D3-BF4B-00C04F79EFBC}") = "Mission09_brd48", "Mission09_brd48.csproj", "{0D2B7676-4DD8-4D6C-B6ED-E975C5DF6A96}"
EndProject
Global
	GlobalSection(SolutionConfigurationPlatforms) = preSolution
		Debug|Any CPU = Debug|Any CPU
		Release|Any CPU = Release|Any CPU
	EndGlobalSection
	GlobalSection(ProjectConfigurationPlatforms) = postSolution
		{0D2B7676-4DD8-4D6C-B6ED-E975C5DF6A96}.Debug|Any CPU.ActiveCfg = Debug|Any CPU
		{0D2B7676-4DD8-4D6C-B6ED-E975C5DF6A96}.Debug|Any CPU.Build.0 = Debug|Any CPU
		{0D2B7676-4DD8-4D6C-B6ED-E975C5DF6A96}.Release|Any CPU.ActiveCfg = Release|Any CPU
		{0D2B7676-4DD8-4D6C-B6ED-E975C5DF6A96}.Release|Any CPU.Build.0 = Release|Any CPU
	EndGlobalSection
	GlobalSection(SolutionProperties) = preSolution
		HideSolutionNode = FALSE
	EndGlobalSection
	GlobalSection(ExtensibilityGlobals) = postSolution
		SolutionGuid = {AE685A33-55E5-4B3A-92EA-66567359D526}
	EndGlobalSection
EndGlobal
